# This file is autogenerated, do not edit; changes may be undone by the next 'dep ensure'.


[[projects]]
  digest = "1:4462e335fd2c9f8f4619e73c07e56d649102b74bfb7deee71a69efec4a97bfca"
  name = "github.com/docker/distribution"
  packages = [
    ".",
    "digestset",
    "manifest",
    "manifest/schema1",
    "manifest/schema2",
    "reference",
  ]
  pruneopts = "UT"
  revision = "7484e51bf6af0d3b1a849644cdaced3cfcf13617"

[[projects]]
  branch = "master"
  digest = "1:4841e14252a2cecf11840bd05230412ad469709bbacfc12467e2ce5ad07f339b"
  name = "github.com/docker/libtrust"
  packages = ["."]
  pruneopts = "UT"
  revision = "aabc10ec26b754e797f9028f4589c5b7bd90dc20"

[[projects]]
  digest = "1:ee4d4af67d93cc7644157882329023ce9a7bcfce956a079069a9405521c7cc8d"
  name = "github.com/opencontainers/go-digest"
  packages = ["."]
  pruneopts = "UT"
  revision = "279bed98673dd5bef374d3b6e4b09e2af76183bf"
  version = "v1.0.0-rc1"

[[projects]]
  digest = "1:7fe9fc2579ab2063df324e9a99998d5d8d8b829a6e0f65e0873887c5ada30aa6"
  name = "github.com/sirupsen/logrus"
  packages = ["."]
  pruneopts = "UT"
  revision = "3ec0642a7fb6488f65b06f9040adc67e3990296a"

[[projects]]
  digest = "1:697d25e89b08707d4013085d26838044d58f61507cc08a6e08f9c59a789aee18"
  name = "golang.org/x/sys"
  packages = ["unix"]
  pruneopts = "UT"
  revision = "8dbc5d05d6edcc104950cc299a1ce6641235bc86"

[solve-meta]
  analyzer-name = "dep"
  analyzer-version = 1
  input-imports = [
    "github.com/docker/distribution",
    "github.com/docker/distribution/manifest/schema1",
    "github.com/docker/distribution/manifest/schema2",
    "github.com/opencontainers/go-digest",
  ]
  solver-name = "gps-cdcl"
  solver-version = 1
