# This file is autogenerated, do not edit; changes may be undone by the next 'dep ensure'.


[[projects]]
  name = "github.com/docker/distribution"
  packages = [
    ".",
    "digestset",
    "manifest",
    "manifest/manifestlist",
    "manifest/schema1",
    "manifest/schema2",
    "reference"
  ]
  revision = "7484e51bf6af0d3b1a849644cdaced3cfcf13617"

[[projects]]
  branch = "master"
  name = "github.com/docker/libtrust"
  packages = ["."]
  revision = "aabc10ec26b754e797f9028f4589c5b7bd90dc20"

[[projects]]
  name = "github.com/opencontainers/go-digest"
  packages = ["."]
  revision = "279bed98673dd5bef374d3b6e4b09e2af76183bf"
  version = "v1.0.0-rc1"

[[projects]]
  name = "github.com/sirupsen/logrus"
  packages = ["."]
  revision = "3ec0642a7fb6488f65b06f9040adc67e3990296a"

[[projects]]
  name = "golang.org/x/sys"
  packages = ["unix"]
  revision = "8dbc5d05d6edcc104950cc299a1ce6641235bc86"

[solve-meta]
  analyzer-name = "dep"
  analyzer-version = 1
  inputs-digest = "c8f73ce1939360cc1c654ea1c6c2c9aaa70c84ab7637cf862a8c43bcd1f94c37"
  solver-name = "gps-cdcl"
  solver-version = 1
